// !$*UTF8*$!
{
	archiveVersion = 1;
	classes = {
	};
	objectVersion = 56;
	objects = {

/* Begin PBXBuildFile section */
		1F8249602A16EEDA00C2F5D3 /* Cloud.usdz in Resources */ = {isa = PBXBuildFile; fileRef = 1F82495F2A16EEDA00C2F5D3 /* Cloud.usdz */; };
		321A0C13291C02B80042A987 /* HappyBeamApp.swift in Sources */ = {isa = PBXBuildFile; fileRef = 321A0C12291C02B80042A987 /* HappyBeamApp.swift */; };
		321A0C19291C02B90042A987 /* Assets.xcassets in Resources */ = {isa = PBXBuildFile; fileRef = 321A0C18291C02B90042A987 /* Assets.xcassets */; };
		321A0C1C291C02B90042A987 /* Preview Assets.xcassets in Resources */ = {isa = PBXBuildFile; fileRef = 321A0C1B291C02B90042A987 /* Preview Assets.xcassets */; };
		321C576829788A1900DBBE9E /* GameModel.swift in Sources */ = {isa = PBXBuildFile; fileRef = 321C576729788A1900DBBE9E /* GameModel.swift */; };
		321C68312A2FEF1C00721BA7 /* HappyBeamAssets in Frameworks */ = {isa = PBXBuildFile; productRef = 321C68302A2FEF1C00721BA7 /* HappyBeamAssets */; };
		322C5443291D892800C32983 /* HeartGestureModel.swift in Sources */ = {isa = PBXBuildFile; fileRef = 322C5442291D892800C32983 /* HeartGestureModel.swift */; };
		32372A632991920F00F10755 /* HappyBeam.swift in Sources */ = {isa = PBXBuildFile; fileRef = 32372A622991920F00F10755 /* HappyBeam.swift */; };
		32372A652991951F00F10755 /* Players.swift in Sources */ = {isa = PBXBuildFile; fileRef = 32372A642991951F00F10755 /* Players.swift */; };
		324EA74B297B2286005A6B3B /* Multiplayer.swift in Sources */ = {isa = PBXBuildFile; fileRef = 324EA74A297B2286005A6B3B /* Multiplayer.swift */; };
		324F3045298ACB0B00200F22 /* Start.swift in Sources */ = {isa = PBXBuildFile; fileRef = 324F3044298ACB0B00200F22 /* Start.swift */; };
		324F3047298AE68600200F22 /* SoloPlay.swift in Sources */ = {isa = PBXBuildFile; fileRef = 324F3046298AE68600200F22 /* SoloPlay.swift */; };
		324F3049298AEAF800200F22 /* SoloScore.swift in Sources */ = {isa = PBXBuildFile; fileRef = 324F3048298AEAF800200F22 /* SoloScore.swift */; };
		324F304B298AED7300200F22 /* MultiPlay.swift in Sources */ = {isa = PBXBuildFile; fileRef = 324F304A298AED7300200F22 /* MultiPlay.swift */; };
		324F304D298AF28C00200F22 /* MultiScore.swift in Sources */ = {isa = PBXBuildFile; fileRef = 324F304C298AF28C00200F22 /* MultiScore.swift */; };
		32665A95299AAFE200EBA549 /* Clouds.swift in Sources */ = {isa = PBXBuildFile; fileRef = 32665A94299AAFE200EBA549 /* Clouds.swift */; };
		32665A97299AB02200EBA549 /* Lobby.swift in Sources */ = {isa = PBXBuildFile; fileRef = 32665A96299AB02200EBA549 /* Lobby.swift */; };
		32745A162A02F4C1000035F8 /* UpdatedGrumpyScene2.usdz in Resources */ = {isa = PBXBuildFile; fileRef = 32745A152A02F4C1000035F8 /* UpdatedGrumpyScene2.usdz */; };
		32791FB12A30CF24000290A2 /* BeamCollisions.swift in Sources */ = {isa = PBXBuildFile; fileRef = 32791FB02A30CF24000290A2 /* BeamCollisions.swift */; };
		328389182A04203700CD388B /* fireworks.usdz in Resources */ = {isa = PBXBuildFile; fileRef = 328389172A04203700CD388B /* fireworks.usdz */; };
		3299370D2A12A8B60073F0B0 /* cloudHit1.m4a in Resources */ = {isa = PBXBuildFile; fileRef = 329937052A12A8B50073F0B0 /* cloudHit1.m4a */; };
		3299370E2A12A8B60073F0B0 /* happyBeamMenu.m4a in Resources */ = {isa = PBXBuildFile; fileRef = 329937062A12A8B50073F0B0 /* happyBeamMenu.m4a */; };
		3299370F2A12A8B60073F0B0 /* cloudHit3.m4a in Resources */ = {isa = PBXBuildFile; fileRef = 329937072A12A8B50073F0B0 /* cloudHit3.m4a */; };
		329937102A12A8B60073F0B0 /* happyBeamGameplay.m4a in Resources */ = {isa = PBXBuildFile; fileRef = 329937082A12A8B50073F0B0 /* happyBeamGameplay.m4a */; };
		329937112A12A8B60073F0B0 /* cloudHit2.m4a in Resources */ = {isa = PBXBuildFile; fileRef = 329937092A12A8B60073F0B0 /* cloudHit2.m4a */; };
		329937122A12A8B60073F0B0 /* cloudHit4.m4a in Resources */ = {isa = PBXBuildFile; fileRef = 3299370A2A12A8B60073F0B0 /* cloudHit4.m4a */; };
		329937132A12A8B60073F0B0 /* happyBeamVictory.m4a in Resources */ = {isa = PBXBuildFile; fileRef = 3299370B2A12A8B60073F0B0 /* happyBeamVictory.m4a */; };
		32BD3B68299C26E6005798DF /* GlobalEntities.swift in Sources */ = {isa = PBXBuildFile; fileRef = 32BD3B67299C26E6005798DF /* GlobalEntities.swift */; };
		32BD3B6A299C2729005798DF /* Extensions.swift in Sources */ = {isa = PBXBuildFile; fileRef = 32BD3B69299C2729005798DF /* Extensions.swift */; };
		32C96CBF2A2FED900030AA37 /* Packages in Resources */ = {isa = PBXBuildFile; fileRef = 32C96CBE2A2FED900030AA37 /* Packages */; };
		32D0FA0F291EE85800FF07D8 /* HappyBeamSpace.swift in Sources */ = {isa = PBXBuildFile; fileRef = 32D0FA0E291EE85800FF07D8 /* HappyBeamSpace.swift */; };
		C11EC0572B7A9B2C0092646F /* GRPC in Frameworks */ = {isa = PBXBuildFile; productRef = C11EC0562B7A9B2C0092646F /* GRPC */; };
		C11EC0592B7A9B8C0092646F /* protoc-gen-grpc-swift in Frameworks */ = {isa = PBXBuildFile; productRef = C11EC0582B7A9B8C0092646F /* protoc-gen-grpc-swift */; };
		C11EC0662B7A9E4F0092646F /* hand.pb.swift in Sources */ = {isa = PBXBuildFile; fileRef = C11EC0632B7A9DD90092646F /* hand.pb.swift */; };
		C11EC0672B7A9E520092646F /* hand.grpc.swift in Sources */ = {isa = PBXBuildFile; fileRef = C11EC0622B7A9DD90092646F /* hand.grpc.swift */; };
/* End PBXBuildFile section */

/* Begin PBXFileReference section */
		1F82495F2A16EEDA00C2F5D3 /* Cloud.usdz */ = {isa = PBXFileReference; lastKnownFileType = file.usdz; path = Cloud.usdz; sourceTree = "<group>"; };
		321A0C0B291C02B80042A987 /* HappyBeam.app */ = {isa = PBXFileReference; explicitFileType = wrapper.application; includeInIndex = 0; path = HappyBeam.app; sourceTree = BUILT_PRODUCTS_DIR; };
		321A0C12291C02B80042A987 /* HappyBeamApp.swift */ = {isa = PBXFileReference; lastKnownFileType = sourcecode.swift; path = HappyBeamApp.swift; sourceTree = "<group>"; };
		321A0C18291C02B90042A987 /* Assets.xcassets */ = {isa = PBXFileReference; lastKnownFileType = folder.assetcatalog; path = Assets.xcassets; sourceTree = "<group>"; };
		321A0C1B291C02B90042A987 /* Preview Assets.xcassets */ = {isa = PBXFileReference; lastKnownFileType = folder.assetcatalog; path = "Preview Assets.xcassets"; sourceTree = "<group>"; };
		321A0C1D291C02B90042A987 /* Info.plist */ = {isa = PBXFileReference; lastKnownFileType = text.plist.xml; path = Info.plist; sourceTree = "<group>"; };
		321A0C25291C09100042A987 /* HappyBeam.entitlements */ = {isa = PBXFileReference; lastKnownFileType = text.plist.entitlements; path = HappyBeam.entitlements; sourceTree = "<group>"; };
		321C576729788A1900DBBE9E /* GameModel.swift */ = {isa = PBXFileReference; lastKnownFileType = sourcecode.swift; path = GameModel.swift; sourceTree = "<group>"; };
		321C682E2A2FEF0A00721BA7 /* HappyBeamAssets */ = {isa = PBXFileReference; lastKnownFileType = wrapper; name = HappyBeamAssets; path = Packages/HappyBeamAssets; sourceTree = "<group>"; };
		322C5442291D892800C32983 /* HeartGestureModel.swift */ = {isa = PBXFileReference; lastKnownFileType = sourcecode.swift; path = HeartGestureModel.swift; sourceTree = "<group>"; };
		32372A622991920F00F10755 /* HappyBeam.swift */ = {isa = PBXFileReference; lastKnownFileType = sourcecode.swift; path = HappyBeam.swift; sourceTree = "<group>"; };
		32372A642991951F00F10755 /* Players.swift */ = {isa = PBXFileReference; lastKnownFileType = sourcecode.swift; path = Players.swift; sourceTree = "<group>"; };
		323FE0072B02EA5F0097340F /* README.md */ = {isa = PBXFileReference; lastKnownFileType = net.daringfireball.markdown; path = README.md; sourceTree = "<group>"; };
		324EA74A297B2286005A6B3B /* Multiplayer.swift */ = {isa = PBXFileReference; lastKnownFileType = sourcecode.swift; path = Multiplayer.swift; sourceTree = "<group>"; };
		324F3044298ACB0B00200F22 /* Start.swift */ = {isa = PBXFileReference; lastKnownFileType = sourcecode.swift; path = Start.swift; sourceTree = "<group>"; };
		324F3046298AE68600200F22 /* SoloPlay.swift */ = {isa = PBXFileReference; lastKnownFileType = sourcecode.swift; path = SoloPlay.swift; sourceTree = "<group>"; };
		324F3048298AEAF800200F22 /* SoloScore.swift */ = {isa = PBXFileReference; lastKnownFileType = sourcecode.swift; path = SoloScore.swift; sourceTree = "<group>"; };
		324F304A298AED7300200F22 /* MultiPlay.swift */ = {isa = PBXFileReference; lastKnownFileType = sourcecode.swift; path = MultiPlay.swift; sourceTree = "<group>"; };
		324F304C298AF28C00200F22 /* MultiScore.swift */ = {isa = PBXFileReference; lastKnownFileType = sourcecode.swift; path = MultiScore.swift; sourceTree = "<group>"; };
		32665A94299AAFE200EBA549 /* Clouds.swift */ = {isa = PBXFileReference; lastKnownFileType = sourcecode.swift; path = Clouds.swift; sourceTree = "<group>"; };
		32665A96299AB02200EBA549 /* Lobby.swift */ = {isa = PBXFileReference; lastKnownFileType = sourcecode.swift; path = Lobby.swift; sourceTree = "<group>"; };
		32745A152A02F4C1000035F8 /* UpdatedGrumpyScene2.usdz */ = {isa = PBXFileReference; lastKnownFileType = file.usdz; path = UpdatedGrumpyScene2.usdz; sourceTree = "<group>"; };
		32791FB02A30CF24000290A2 /* BeamCollisions.swift */ = {isa = PBXFileReference; lastKnownFileType = sourcecode.swift; path = BeamCollisions.swift; sourceTree = "<group>"; };
		328389172A04203700CD388B /* fireworks.usdz */ = {isa = PBXFileReference; lastKnownFileType = file.usdz; path = fireworks.usdz; sourceTree = "<group>"; };
		329937052A12A8B50073F0B0 /* cloudHit1.m4a */ = {isa = PBXFileReference; lastKnownFileType = file; path = cloudHit1.m4a; sourceTree = "<group>"; };
		329937062A12A8B50073F0B0 /* happyBeamMenu.m4a */ = {isa = PBXFileReference; lastKnownFileType = file; path = happyBeamMenu.m4a; sourceTree = "<group>"; };
		329937072A12A8B50073F0B0 /* cloudHit3.m4a */ = {isa = PBXFileReference; lastKnownFileType = file; path = cloudHit3.m4a; sourceTree = "<group>"; };
		329937082A12A8B50073F0B0 /* happyBeamGameplay.m4a */ = {isa = PBXFileReference; lastKnownFileType = file; path = happyBeamGameplay.m4a; sourceTree = "<group>"; };
		329937092A12A8B60073F0B0 /* cloudHit2.m4a */ = {isa = PBXFileReference; lastKnownFileType = file; path = cloudHit2.m4a; sourceTree = "<group>"; };
		3299370A2A12A8B60073F0B0 /* cloudHit4.m4a */ = {isa = PBXFileReference; lastKnownFileType = file; path = cloudHit4.m4a; sourceTree = "<group>"; };
		3299370B2A12A8B60073F0B0 /* happyBeamVictory.m4a */ = {isa = PBXFileReference; lastKnownFileType = file; path = happyBeamVictory.m4a; sourceTree = "<group>"; };
		32BD3B67299C26E6005798DF /* GlobalEntities.swift */ = {isa = PBXFileReference; lastKnownFileType = sourcecode.swift; path = GlobalEntities.swift; sourceTree = "<group>"; };
		32BD3B69299C2729005798DF /* Extensions.swift */ = {isa = PBXFileReference; lastKnownFileType = sourcecode.swift; path = Extensions.swift; sourceTree = "<group>"; };
		32C96CBE2A2FED900030AA37 /* Packages */ = {isa = PBXFileReference; lastKnownFileType = folder; path = Packages; sourceTree = "<group>"; };
		32D0FA0E291EE85800FF07D8 /* HappyBeamSpace.swift */ = {isa = PBXFileReference; lastKnownFileType = sourcecode.swift; path = HappyBeamSpace.swift; sourceTree = "<group>"; };
		69D019E13699007BC04C1F1F /* SampleCode.xcconfig */ = {isa = PBXFileReference; lastKnownFileType = text.xcconfig; name = SampleCode.xcconfig; path = Configuration/SampleCode.xcconfig; sourceTree = "<group>"; };
		9823BBED79461E85755AF17F /* LICENSE.txt */ = {isa = PBXFileReference; includeInIndex = 1; lastKnownFileType = text; path = LICENSE.txt; sourceTree = "<group>"; };
		C11EC0622B7A9DD90092646F /* hand.grpc.swift */ = {isa = PBXFileReference; fileEncoding = 4; lastKnownFileType = sourcecode.swift; path = hand.grpc.swift; sourceTree = "<group>"; };
		C11EC0632B7A9DD90092646F /* hand.pb.swift */ = {isa = PBXFileReference; fileEncoding = 4; lastKnownFileType = sourcecode.swift; path = hand.pb.swift; sourceTree = "<group>"; };
/* End PBXFileReference section */

/* Begin PBXFrameworksBuildPhase section */
		321A0C08291C02B70042A987 /* Frameworks */ = {
			isa = PBXFrameworksBuildPhase;
			buildActionMask = 2147483647;
			files = (
				C11EC0572B7A9B2C0092646F /* GRPC in Frameworks */,
				321C68312A2FEF1C00721BA7 /* HappyBeamAssets in Frameworks */,
				C11EC0592B7A9B8C0092646F /* protoc-gen-grpc-swift in Frameworks */,
			);
			runOnlyForDeploymentPostprocessing = 0;
		};
/* End PBXFrameworksBuildPhase section */

/* Begin PBXGroup section */
		1F56A5DA29916D68006592AE /* Frameworks */ = {
			isa = PBXGroup;
			children = (
				321C682E2A2FEF0A00721BA7 /* HappyBeamAssets */,
			);
			name = Frameworks;
			sourceTree = "<group>";
		};
		321A0C02291C02B70042A987 = {
			isa = PBXGroup;
			children = (
				323FE0072B02EA5F0097340F /* README.md */,
				321A0C0D291C02B80042A987 /* HappyBeam */,
				32C96CBE2A2FED900030AA37 /* Packages */,
				321A0C0C291C02B80042A987 /* Products */,
				1F56A5DA29916D68006592AE /* Frameworks */,
				5CCBC9007FF30F4ADDE06A30 /* Configuration */,
				623AD2B93687F88A985264AD /* LICENSE */,
			);
			sourceTree = "<group>";
		};
		321A0C0C291C02B80042A987 /* Products */ = {
			isa = PBXGroup;
			children = (
				321A0C0B291C02B80042A987 /* HappyBeam.app */,
			);
			name = Products;
			sourceTree = "<group>";
		};
		321A0C0D291C02B80042A987 /* HappyBeam */ = {
			isa = PBXGroup;
			children = (
				322D5A842A057FBB003A32F3 /* Sounds */,
				32BD3B6B299C2790005798DF /* USDZs */,
				324F3043298AC8B900200F22 /* Views */,
				32791FAF2A30CEF3000290A2 /* Gameplay */,
				321A0C12291C02B80042A987 /* HappyBeamApp.swift */,
				32D0FA0E291EE85800FF07D8 /* HappyBeamSpace.swift */,
				32BD3B67299C26E6005798DF /* GlobalEntities.swift */,
				321C576729788A1900DBBE9E /* GameModel.swift */,
				32BD3B69299C2729005798DF /* Extensions.swift */,
				321A0C25291C09100042A987 /* HappyBeam.entitlements */,
				321A0C18291C02B90042A987 /* Assets.xcassets */,
				321A0C1D291C02B90042A987 /* Info.plist */,
				321A0C1A291C02B90042A987 /* Preview Content */,
			);
			path = HappyBeam;
			sourceTree = "<group>";
		};
		321A0C1A291C02B90042A987 /* Preview Content */ = {
			isa = PBXGroup;
			children = (
				321A0C1B291C02B90042A987 /* Preview Assets.xcassets */,
			);
			path = "Preview Content";
			sourceTree = "<group>";
		};
		322D5A842A057FBB003A32F3 /* Sounds */ = {
			isa = PBXGroup;
			children = (
				329937052A12A8B50073F0B0 /* cloudHit1.m4a */,
				329937092A12A8B60073F0B0 /* cloudHit2.m4a */,
				329937072A12A8B50073F0B0 /* cloudHit3.m4a */,
				3299370A2A12A8B60073F0B0 /* cloudHit4.m4a */,
				329937082A12A8B50073F0B0 /* happyBeamGameplay.m4a */,
				329937062A12A8B50073F0B0 /* happyBeamMenu.m4a */,
				3299370B2A12A8B60073F0B0 /* happyBeamVictory.m4a */,
			);
			path = Sounds;
			sourceTree = "<group>";
		};
		324F3043298AC8B900200F22 /* Views */ = {
			isa = PBXGroup;
			children = (
				32372A622991920F00F10755 /* HappyBeam.swift */,
				324F3044298ACB0B00200F22 /* Start.swift */,
				324F3046298AE68600200F22 /* SoloPlay.swift */,
				324F3048298AEAF800200F22 /* SoloScore.swift */,
				32665A96299AB02200EBA549 /* Lobby.swift */,
				324F304A298AED7300200F22 /* MultiPlay.swift */,
				324F304C298AF28C00200F22 /* MultiScore.swift */,
			);
			path = Views;
			sourceTree = "<group>";
		};
		32791FAF2A30CEF3000290A2 /* Gameplay */ = {
			isa = PBXGroup;
			children = (
				C11EC0622B7A9DD90092646F /* hand.grpc.swift */,
				C11EC0632B7A9DD90092646F /* hand.pb.swift */,
				32791FB02A30CF24000290A2 /* BeamCollisions.swift */,
				32665A94299AAFE200EBA549 /* Clouds.swift */,
				322C5442291D892800C32983 /* HeartGestureModel.swift */,
				324EA74A297B2286005A6B3B /* Multiplayer.swift */,
				32372A642991951F00F10755 /* Players.swift */,
			);
			path = Gameplay;
			sourceTree = "<group>";
		};
		32BD3B6B299C2790005798DF /* USDZs */ = {
			isa = PBXGroup;
			children = (
				1F82495F2A16EEDA00C2F5D3 /* Cloud.usdz */,
				32745A152A02F4C1000035F8 /* UpdatedGrumpyScene2.usdz */,
				328389172A04203700CD388B /* fireworks.usdz */,
			);
			path = USDZs;
			sourceTree = "<group>";
		};
		5CCBC9007FF30F4ADDE06A30 /* Configuration */ = {
			isa = PBXGroup;
			children = (
				69D019E13699007BC04C1F1F /* SampleCode.xcconfig */,
			);
			name = Configuration;
			sourceTree = "<group>";
		};
		623AD2B93687F88A985264AD /* LICENSE */ = {
			isa = PBXGroup;
			children = (
				9823BBED79461E85755AF17F /* LICENSE.txt */,
			);
			path = LICENSE;
			sourceTree = "<group>";
		};
/* End PBXGroup section */

/* Begin PBXNativeTarget section */
		321A0C0A291C02B70042A987 /* HappyBeam */ = {
			isa = PBXNativeTarget;
			buildConfigurationList = 321A0C20291C02B90042A987 /* Build configuration list for PBXNativeTarget "HappyBeam" */;
			buildPhases = (
				321A0C07291C02B70042A987 /* Sources */,
				321A0C08291C02B70042A987 /* Frameworks */,
				321A0C09291C02B70042A987 /* Resources */,
			);
			buildRules = (
			);
			dependencies = (
			);
			name = HappyBeam;
			packageProductDependencies = (
				321C68302A2FEF1C00721BA7 /* HappyBeamAssets */,
				C11EC0562B7A9B2C0092646F /* GRPC */,
				C11EC0582B7A9B8C0092646F /* protoc-gen-grpc-swift */,
			);
			productName = HappyBeamX;
			productReference = 321A0C0B291C02B80042A987 /* HappyBeam.app */;
			productType = "com.apple.product-type.application";
		};
/* End PBXNativeTarget section */

/* Begin PBXProject section */
		321A0C03291C02B70042A987 /* Project object */ = {
			isa = PBXProject;
			attributes = {
				BuildIndependentTargetsInParallel = 1;
				LastSwiftUpdateCheck = 1430;
				LastUpgradeCheck = 1430;
				ORGANIZATIONNAME = Apple;
				TargetAttributes = {
					321A0C0A291C02B70042A987 = {
						CreatedOnToolsVersion = 14.3;
					};
				};
			};
			buildConfigurationList = 321A0C06291C02B70042A987 /* Build configuration list for PBXProject "HappyBeam" */;
			compatibilityVersion = "Xcode 14.0";
			developmentRegion = en;
			hasScannedForEncodings = 0;
			knownRegions = (
				en,
				Base,
			);
			mainGroup = 321A0C02291C02B70042A987;
			packageReferences = (
				C11EC0552B7A9B2B0092646F /* XCRemoteSwiftPackageReference "grpc-swift" */,
			);
			productRefGroup = 321A0C0C291C02B80042A987 /* Products */;
			projectDirPath = "";
			projectRoot = "";
			targets = (
				321A0C0A291C02B70042A987 /* HappyBeam */,
			);
		};
/* End PBXProject section */

/* Begin PBXResourcesBuildPhase section */
		321A0C09291C02B70042A987 /* Resources */ = {
			isa = PBXResourcesBuildPhase;
			buildActionMask = 2147483647;
			files = (
				32C96CBF2A2FED900030AA37 /* Packages in Resources */,
				329937112A12A8B60073F0B0 /* cloudHit2.m4a in Resources */,
				328389182A04203700CD388B /* fireworks.usdz in Resources */,
				321A0C1C291C02B90042A987 /* Preview Assets.xcassets in Resources */,
				3299370E2A12A8B60073F0B0 /* happyBeamMenu.m4a in Resources */,
				329937132A12A8B60073F0B0 /* happyBeamVictory.m4a in Resources */,
				1F8249602A16EEDA00C2F5D3 /* Cloud.usdz in Resources */,
				3299370D2A12A8B60073F0B0 /* cloudHit1.m4a in Resources */,
				329937102A12A8B60073F0B0 /* happyBeamGameplay.m4a in Resources */,
				321A0C19291C02B90042A987 /* Assets.xcassets in Resources */,
				329937122A12A8B60073F0B0 /* cloudHit4.m4a in Resources */,
				32745A162A02F4C1000035F8 /* UpdatedGrumpyScene2.usdz in Resources */,
				3299370F2A12A8B60073F0B0 /* cloudHit3.m4a in Resources */,
			);
			runOnlyForDeploymentPostprocessing = 0;
		};
/* End PBXResourcesBuildPhase section */

/* Begin PBXSourcesBuildPhase section */
		321A0C07291C02B70042A987 /* Sources */ = {
			isa = PBXSourcesBuildPhase;
			buildActionMask = 2147483647;
			files = (
				C11EC0672B7A9E520092646F /* hand.grpc.swift in Sources */,
				C11EC0662B7A9E4F0092646F /* hand.pb.swift in Sources */,
				32665A97299AB02200EBA549 /* Lobby.swift in Sources */,
				321A0C13291C02B80042A987 /* HappyBeamApp.swift in Sources */,
				322C5443291D892800C32983 /* HeartGestureModel.swift in Sources */,
				32372A652991951F00F10755 /* Players.swift in Sources */,
				32665A95299AAFE200EBA549 /* Clouds.swift in Sources */,
				324F304D298AF28C00200F22 /* MultiScore.swift in Sources */,
				324F304B298AED7300200F22 /* MultiPlay.swift in Sources */,
				324F3047298AE68600200F22 /* SoloPlay.swift in Sources */,
				324EA74B297B2286005A6B3B /* Multiplayer.swift in Sources */,
				32D0FA0F291EE85800FF07D8 /* HappyBeamSpace.swift in Sources */,
				324F3049298AEAF800200F22 /* SoloScore.swift in Sources */,
				32BD3B6A299C2729005798DF /* Extensions.swift in Sources */,
				324F3045298ACB0B00200F22 /* Start.swift in Sources */,
				32372A632991920F00F10755 /* HappyBeam.swift in Sources */,
				32BD3B68299C26E6005798DF /* GlobalEntities.swift in Sources */,
				321C576829788A1900DBBE9E /* GameModel.swift in Sources */,
				32791FB12A30CF24000290A2 /* BeamCollisions.swift in Sources */,
			);
			runOnlyForDeploymentPostprocessing = 0;
		};
/* End PBXSourcesBuildPhase section */

/* Begin XCBuildConfiguration section */
		321A0C1E291C02B90042A987 /* Debug */ = {
			isa = XCBuildConfiguration;
			baseConfigurationReference = 69D019E13699007BC04C1F1F /* SampleCode.xcconfig */;
			buildSettings = {
				ALWAYS_SEARCH_USER_PATHS = NO;
				CLANG_ANALYZER_NONNULL = YES;
				CLANG_ANALYZER_NUMBER_OBJECT_CONVERSION = YES_AGGRESSIVE;
				CLANG_CXX_LANGUAGE_STANDARD = "gnu++20";
				CLANG_ENABLE_MODULES = YES;
				CLANG_ENABLE_OBJC_ARC = YES;
				CLANG_ENABLE_OBJC_WEAK = YES;
				CLANG_WARN_BLOCK_CAPTURE_AUTORELEASING = YES;
				CLANG_WARN_BOOL_CONVERSION = YES;
				CLANG_WARN_COMMA = YES;
				CLANG_WARN_CONSTANT_CONVERSION = YES;
				CLANG_WARN_DEPRECATED_OBJC_IMPLEMENTATIONS = YES;
				CLANG_WARN_DIRECT_OBJC_ISA_USAGE = YES_ERROR;
				CLANG_WARN_DOCUMENTATION_COMMENTS = YES;
				CLANG_WARN_EMPTY_BODY = YES;
				CLANG_WARN_ENUM_CONVERSION = YES;
				CLANG_WARN_INFINITE_RECURSION = YES;
				CLANG_WARN_INT_CONVERSION = YES;
				CLANG_WARN_NON_LITERAL_NULL_CONVERSION = YES;
				CLANG_WARN_OBJC_IMPLICIT_RETAIN_SELF = YES;
				CLANG_WARN_OBJC_LITERAL_CONVERSION = YES;
				CLANG_WARN_OBJC_ROOT_CLASS = YES_ERROR;
				CLANG_WARN_QUOTED_INCLUDE_IN_FRAMEWORK_HEADER = YES;
				CLANG_WARN_RANGE_LOOP_ANALYSIS = YES;
				CLANG_WARN_STRICT_PROTOTYPES = YES;
				CLANG_WARN_SUSPICIOUS_MOVE = YES;
				CLANG_WARN_UNGUARDED_AVAILABILITY = YES_AGGRESSIVE;
				CLANG_WARN_UNREACHABLE_CODE = YES;
				CLANG_WARN__DUPLICATE_METHOD_MATCH = YES;
				COPY_PHASE_STRIP = NO;
				DEBUG_INFORMATION_FORMAT = dwarf;
				ENABLE_STRICT_OBJC_MSGSEND = YES;
				ENABLE_TESTABILITY = YES;
				GCC_C_LANGUAGE_STANDARD = gnu11;
				GCC_DYNAMIC_NO_PIC = NO;
				GCC_NO_COMMON_BLOCKS = YES;
				GCC_OPTIMIZATION_LEVEL = 0;
				GCC_PREPROCESSOR_DEFINITIONS = (
					"DEBUG=1",
					"$(inherited)",
				);
				GCC_WARN_64_TO_32_BIT_CONVERSION = YES;
				GCC_WARN_ABOUT_RETURN_TYPE = YES_ERROR;
				GCC_WARN_UNDECLARED_SELECTOR = YES;
				GCC_WARN_UNINITIALIZED_AUTOS = YES_AGGRESSIVE;
				GCC_WARN_UNUSED_FUNCTION = YES;
				GCC_WARN_UNUSED_VARIABLE = YES;
				MTL_ENABLE_DEBUG_INFO = INCLUDE_SOURCE;
				MTL_FAST_MATH = YES;
				ONLY_ACTIVE_ARCH = YES;
				SDKROOT = xros;
				SWIFT_ACTIVE_COMPILATION_CONDITIONS = DEBUG;
				SWIFT_OPTIMIZATION_LEVEL = "-Onone";
				XROS_DEPLOYMENT_TARGET = 1.0;
			};
			name = Debug;
		};
		321A0C1F291C02B90042A987 /* Release */ = {
			isa = XCBuildConfiguration;
			baseConfigurationReference = 69D019E13699007BC04C1F1F /* SampleCode.xcconfig */;
			buildSettings = {
				ALWAYS_SEARCH_USER_PATHS = NO;
				CLANG_ANALYZER_NONNULL = YES;
				CLANG_ANALYZER_NUMBER_OBJECT_CONVERSION = YES_AGGRESSIVE;
				CLANG_CXX_LANGUAGE_STANDARD = "gnu++20";
				CLANG_ENABLE_MODULES = YES;
				CLANG_ENABLE_OBJC_ARC = YES;
				CLANG_ENABLE_OBJC_WEAK = YES;
				CLANG_WARN_BLOCK_CAPTURE_AUTORELEASING = YES;
				CLANG_WARN_BOOL_CONVERSION = YES;
				CLANG_WARN_COMMA = YES;
				CLANG_WARN_CONSTANT_CONVERSION = YES;
				CLANG_WARN_DEPRECATED_OBJC_IMPLEMENTATIONS = YES;
				CLANG_WARN_DIRECT_OBJC_ISA_USAGE = YES_ERROR;
				CLANG_WARN_DOCUMENTATION_COMMENTS = YES;
				CLANG_WARN_EMPTY_BODY = YES;
				CLANG_WARN_ENUM_CONVERSION = YES;
				CLANG_WARN_INFINITE_RECURSION = YES;
				CLANG_WARN_INT_CONVERSION = YES;
				CLANG_WARN_NON_LITERAL_NULL_CONVERSION = YES;
				CLANG_WARN_OBJC_IMPLICIT_RETAIN_SELF = YES;
				CLANG_WARN_OBJC_LITERAL_CONVERSION = YES;
				CLANG_WARN_OBJC_ROOT_CLASS = YES_ERROR;
				CLANG_WARN_QUOTED_INCLUDE_IN_FRAMEWORK_HEADER = YES;
				CLANG_WARN_RANGE_LOOP_ANALYSIS = YES;
				CLANG_WARN_STRICT_PROTOTYPES = YES;
				CLANG_WARN_SUSPICIOUS_MOVE = YES;
				CLANG_WARN_UNGUARDED_AVAILABILITY = YES_AGGRESSIVE;
				CLANG_WARN_UNREACHABLE_CODE = YES;
				CLANG_WARN__DUPLICATE_METHOD_MATCH = YES;
				COPY_PHASE_STRIP = NO;
				DEBUG_INFORMATION_FORMAT = "dwarf-with-dsym";
				ENABLE_NS_ASSERTIONS = NO;
				ENABLE_STRICT_OBJC_MSGSEND = YES;
				GCC_C_LANGUAGE_STANDARD = gnu11;
				GCC_NO_COMMON_BLOCKS = YES;
				GCC_WARN_64_TO_32_BIT_CONVERSION = YES;
				GCC_WARN_ABOUT_RETURN_TYPE = YES_ERROR;
				GCC_WARN_UNDECLARED_SELECTOR = YES;
				GCC_WARN_UNINITIALIZED_AUTOS = YES_AGGRESSIVE;
				GCC_WARN_UNUSED_FUNCTION = YES;
				GCC_WARN_UNUSED_VARIABLE = YES;
				MTL_ENABLE_DEBUG_INFO = NO;
				MTL_FAST_MATH = YES;
				SDKROOT = xros;
				SWIFT_COMPILATION_MODE = wholemodule;
				SWIFT_OPTIMIZATION_LEVEL = "-O";
				VALIDATE_PRODUCT = YES;
				XROS_DEPLOYMENT_TARGET = 1.0;
			};
			name = Release;
		};
		321A0C21291C02B90042A987 /* Debug */ = {
			isa = XCBuildConfiguration;
			baseConfigurationReference = 69D019E13699007BC04C1F1F /* SampleCode.xcconfig */;
			buildSettings = {
				ASSETCATALOG_COMPILER_APPICON_NAME = AppIcon;
				ASSETCATALOG_COMPILER_GLOBAL_ACCENT_COLOR_NAME = AccentColor;
				CODE_SIGN_ENTITLEMENTS = HappyBeam/HappyBeam.entitlements;
				CODE_SIGN_STYLE = Automatic;
				CURRENT_PROJECT_VERSION = 1;
				DEVELOPMENT_ASSET_PATHS = "";
				DEVELOPMENT_TEAM = ATTMC2WVK2;
				ENABLE_PREVIEWS = YES;
				GENERATE_INFOPLIST_FILE = YES;
				INFOPLIST_FILE = "$(TARGET_NAME)/Info.plist";
				INFOPLIST_KEY_CFBundleDisplayName = DexterousTeleop;
				INFOPLIST_KEY_UISupportedInterfaceOrientations = "UIInterfaceOrientationPortrait UIInterfaceOrientationPortraitUpsideDown UIInterfaceOrientationLandscapeLeft UIInterfaceOrientationLandscapeRight";
				LD_RUNPATH_SEARCH_PATHS = (
					"$(inherited)",
					"@executable_path/Frameworks",
				);
				MARKETING_VERSION = 1.0;
				ONLY_ACTIVE_ARCH = YES;
				PRODUCT_BUNDLE_IDENTIFIER = "com.younghyo.apple-samplecode.happybeam--SAMPLE-CODE-DISAMBIGUATOR-";
				PRODUCT_NAME = "$(TARGET_NAME)";
				PROVISIONING_PROFILE_SPECIFIER = "";
				SDKROOT = xros;
				SUPPORTED_PLATFORMS = "xros xrsimulator";
				SWIFT_EMIT_LOC_STRINGS = YES;
				SWIFT_VERSION = 5.0;
				TARGETED_DEVICE_FAMILY = "1,2,7";
			};
			name = Debug;
		};
		321A0C22291C02B90042A987 /* Release */ = {
			isa = XCBuildConfiguration;
			baseConfigurationReference = 69D019E13699007BC04C1F1F /* SampleCode.xcconfig */;
			buildSettings = {
				ASSETCATALOG_COMPILER_APPICON_NAME = AppIcon;
				ASSETCATALOG_COMPILER_GLOBAL_ACCENT_COLOR_NAME = AccentColor;
				CODE_SIGN_ENTITLEMENTS = HappyBeam/HappyBeam.entitlements;
				CODE_SIGN_STYLE = Automatic;
				CURRENT_PROJECT_VERSION = 1;
				DEVELOPMENT_ASSET_PATHS = "";
				DEVELOPMENT_TEAM = ATTMC2WVK2;
				ENABLE_PREVIEWS = YES;
				GENERATE_INFOPLIST_FILE = YES;
				INFOPLIST_FILE = "$(TARGET_NAME)/Info.plist";
				INFOPLIST_KEY_CFBundleDisplayName = DexterousTeleop;
				INFOPLIST_KEY_UISupportedInterfaceOrientations = "UIInterfaceOrientationPortrait UIInterfaceOrientationPortraitUpsideDown UIInterfaceOrientationLandscapeLeft UIInterfaceOrientationLandscapeRight";
				LD_RUNPATH_SEARCH_PATHS = (
					"$(inherited)",
					"@executable_path/Frameworks",
				);
				MARKETING_VERSION = 1.0;
				ONLY_ACTIVE_ARCH = YES;
				PRODUCT_BUNDLE_IDENTIFIER = "com.younghyo.apple-samplecode.happybeam--SAMPLE-CODE-DISAMBIGUATOR-";
				PRODUCT_NAME = "$(TARGET_NAME)";
				PROVISIONING_PROFILE_SPECIFIER = "";
				SDKROOT = xros;
				SUPPORTED_PLATFORMS = "xros xrsimulator";
				SWIFT_EMIT_LOC_STRINGS = YES;
				SWIFT_VERSION = 5.0;
				TARGETED_DEVICE_FAMILY = "1,2,7";
			};
			name = Release;
		};
/* End XCBuildConfiguration section */

/* Begin XCConfigurationList section */
		321A0C06291C02B70042A987 /* Build configuration list for PBXProject "HappyBeam" */ = {
			isa = XCConfigurationList;
			buildConfigurations = (
				321A0C1E291C02B90042A987 /* Debug */,
				321A0C1F291C02B90042A987 /* Release */,
			);
			defaultConfigurationIsVisible = 0;
			defaultConfigurationName = Release;
		};
		321A0C20291C02B90042A987 /* Build configuration list for PBXNativeTarget "HappyBeam" */ = {
			isa = XCConfigurationList;
			buildConfigurations = (
				321A0C21291C02B90042A987 /* Debug */,
				321A0C22291C02B90042A987 /* Release */,
			);
			defaultConfigurationIsVisible = 0;
			defaultConfigurationName = Release;
		};
/* End XCConfigurationList section */

/* Begin XCRemoteSwiftPackageReference section */
		C11EC0552B7A9B2B0092646F /* XCRemoteSwiftPackageReference "grpc-swift" */ = {
			isa = XCRemoteSwiftPackageReference;
			repositoryURL = "https://github.com/grpc/grpc-swift.git";
			requirement = {
				kind = upToNextMajorVersion;
				minimumVersion = 1.21.1;
			};
		};
/* End XCRemoteSwiftPackageReference section */

/* Begin XCSwiftPackageProductDependency section */
		321C68302A2FEF1C00721BA7 /* HappyBeamAssets */ = {
			isa = XCSwiftPackageProductDependency;
			productName = HappyBeamAssets;
		};
		C11EC0562B7A9B2C0092646F /* GRPC */ = {
			isa = XCSwiftPackageProductDependency;
			package = C11EC0552B7A9B2B0092646F /* XCRemoteSwiftPackageReference "grpc-swift" */;
			productName = GRPC;
		};
		C11EC0582B7A9B8C0092646F /* protoc-gen-grpc-swift */ = {
			isa = XCSwiftPackageProductDependency;
			package = C11EC0552B7A9B2B0092646F /* XCRemoteSwiftPackageReference "grpc-swift" */;
			productName = "protoc-gen-grpc-swift";
		};
/* End XCSwiftPackageProductDependency section */
	};
	rootObject = 321A0C03291C02B70042A987 /* Project object */;
}
